
Microsoft Visual Studio Solution File, Format Version 12.00
# Visual Studio Version 17
VisualStudioVersion = 17.13.35806.99
MinimumVisualStudioVersion = 10.0.40219.1
Project("{FAE04EC0-301F-11D3-BF4B-00C04F79EFBC}") = "CapaDTOs", "CapaDTOs\CapaDTOs.csproj", "{4D1DEBBF-E44B-4541-B344-0FFE754B6A18}"
EndProject
Project("{FAE04EC0-301F-11D3-BF4B-00C04F79EFBC}") = "Core", "Core\Core.csproj", "{EE7AE570-DD65-65C5-EE9D-798BFE20C936}"
EndProject
Project("{FAE04EC0-301F-11D3-BF4B-00C04F79EFBC}") = "Application", "Application\Application.csproj", "{6A495ADB-62F2-71AB-8F77-EC198B9A8F7B}"
EndProject
Project("{FAE04EC0-301F-11D3-BF4B-00C04F79EFBC}") = "WebApi", "WebAPI\WebApi.csproj", "{56CB0ABF-46FD-3471-09C1-EF042038F461}"
EndProject
Project("{FAE04EC0-301F-11D3-BF4B-00C04F79EFBC}") = "Infrastructure", "Infrastructure\Infrastructure.csproj", "{941D4EED-A5FC-0855-8F81-4A7DEA3C537A}"
EndProject
Global
	GlobalSection(SolutionConfigurationPlatforms) = preSolution
		Debug|Any CPU = Debug|Any CPU
		Release|Any CPU = Release|Any CPU
	EndGlobalSection
	GlobalSection(ProjectConfigurationPlatforms) = postSolution
		{4D1DEBBF-E44B-4541-B344-0FFE754B6A18}.Debug|Any CPU.ActiveCfg = Debug|Any CPU
		{4D1DEBBF-E44B-4541-B344-0FFE754B6A18}.Debug|Any CPU.Build.0 = Debug|Any CPU
		{4D1DEBBF-E44B-4541-B344-0FFE754B6A18}.Release|Any CPU.ActiveCfg = Release|Any CPU
		{4D1DEBBF-E44B-4541-B344-0FFE754B6A18}.Release|Any CPU.Build.0 = Release|Any CPU
		{EE7AE570-DD65-65C5-EE9D-798BFE20C936}.Debug|Any CPU.ActiveCfg = Debug|Any CPU
		{EE7AE570-DD65-65C5-EE9D-798BFE20C936}.Debug|Any CPU.Build.0 = Debug|Any CPU
		{EE7AE570-DD65-65C5-EE9D-798BFE20C936}.Release|Any CPU.ActiveCfg = Release|Any CPU
		{EE7AE570-DD65-65C5-EE9D-798BFE20C936}.Release|Any CPU.Build.0 = Release|Any CPU
		{6A495ADB-62F2-71AB-8F77-EC198B9A8F7B}.Debug|Any CPU.ActiveCfg = Debug|Any CPU
		{6A495ADB-62F2-71AB-8F77-EC198B9A8F7B}.Debug|Any CPU.Build.0 = Debug|Any CPU
		{6A495ADB-62F2-71AB-8F77-EC198B9A8F7B}.Release|Any CPU.ActiveCfg = Release|Any CPU
		{6A495ADB-62F2-71AB-8F77-EC198B9A8F7B}.Release|Any CPU.Build.0 = Release|Any CPU
		{56CB0ABF-46FD-3471-09C1-EF042038F461}.Debug|Any CPU.ActiveCfg = Debug|Any CPU
		{56CB0ABF-46FD-3471-09C1-EF042038F461}.Debug|Any CPU.Build.0 = Debug|Any CPU
		{56CB0ABF-46FD-3471-09C1-EF042038F461}.Release|Any CPU.ActiveCfg = Release|Any CPU
		{56CB0ABF-46FD-3471-09C1-EF042038F461}.Release|Any CPU.Build.0 = Release|Any CPU
		{941D4EED-A5FC-0855-8F81-4A7DEA3C537A}.Debug|Any CPU.ActiveCfg = Debug|Any CPU
		{941D4EED-A5FC-0855-8F81-4A7DEA3C537A}.Debug|Any CPU.Build.0 = Debug|Any CPU
		{941D4EED-A5FC-0855-8F81-4A7DEA3C537A}.Release|Any CPU.ActiveCfg = Release|Any CPU
		{941D4EED-A5FC-0855-8F81-4A7DEA3C537A}.Release|Any CPU.Build.0 = Release|Any CPU
	EndGlobalSection
	GlobalSection(SolutionProperties) = preSolution
		HideSolutionNode = FALSE
	EndGlobalSection
	GlobalSection(ExtensibilityGlobals) = postSolution
		SolutionGuid = {F247C478-EAF2-4D48-909D-30668DB76028}
	EndGlobalSection
EndGlobal
